
Microsoft Visual Studio Solution File, Format Version 12.00
# Visual Studio Version 17
VisualStudioVersion = 17.6.33712.159
MinimumVisualStudioVersion = 10.0.40219.1
Project("{9A19103F-16F7-4668-BE54-9A1E7A4F7556}") = "BackSide", "BackSide.csproj", "{7F64D28F-7DE1-49C1-9EEC-7363D85C6ED3}"
EndProject
Global
	GlobalSection(SolutionConfigurationPlatforms) = preSolution
		Debug|Any CPU = Debug|Any CPU
		Release|Any CPU = Release|Any CPU
	EndGlobalSection
	GlobalSection(ProjectConfigurationPlatforms) = postSolution
		{7F64D28F-7DE1-49C1-9EEC-7363D85C6ED3}.Debug|Any CPU.ActiveCfg = Debug|Any CPU
		{7F64D28F-7DE1-49C1-9EEC-7363D85C6ED3}.Debug|Any CPU.Build.0 = Debug|Any CPU
		{7F64D28F-7DE1-49C1-9EEC-7363D85C6ED3}.Release|Any CPU.ActiveCfg = Release|Any CPU
		{7F64D28F-7DE1-49C1-9EEC-7363D85C6ED3}.Release|Any CPU.Build.0 = Release|Any CPU
	EndGlobalSection
	GlobalSection(SolutionProperties) = preSolution
		HideSolutionNode = FALSE
	EndGlobalSection
	GlobalSection(ExtensibilityGlobals) = postSolution
		SolutionGuid = {4935FB46-236C-4E71-82EC-45497A2B4A1B}
	EndGlobalSection
EndGlobal
